
Microsoft Visual Studio Solution File, Format Version 12.00
# Visual Studio Version 16
VisualStudioVersion = 16.0.29613.14
MinimumVisualStudioVersion = 10.0.40219.1
Project("{FAE04EC0-301F-11D3-BF4B-00C04F79EFBC}") = "LenovoVantageTest", "LenovoVantageTest\LenovoVantageTest.csproj", "{DC0F8C02-0CC8-43B1-952F-D886FFF28032}"
EndProject
Project("{FAE04EC0-301F-11D3-BF4B-00C04F79EFBC}") = "FiddlerHelper", "FiddlerHelper\FiddlerHelper.csproj", "{B4436616-28A2-4B98-9C39-3DA4AC95537E}"
EndProject
Project("{FAE04EC0-301F-11D3-BF4B-00C04F79EFBC}") = "HttpAnalyzerHelper", "HttpAnalyzerHelper\HttpAnalyzerHelper.csproj", "{DF55DE85-3690-4382-BE5B-71FC2351FEA3}"
EndProject
Project("{FAE04EC0-301F-11D3-BF4B-00C04F79EFBC}") = "Vizregress", "Vizregress\Vizregress.csproj", "{157B5428-8FA4-4C8F-B6CF-673E587506A4}"
EndProject
Project("{FAE04EC0-301F-11D3-BF4B-00C04F79EFBC}") = "FiddlerCoreAPI", "FiddlerCoreAPI\FiddlerCoreAPI\FiddlerCoreAPI.csproj", "{9840C21B-CEAF-42EB-8D76-3619D49CEC3D}"
EndProject
Project("{FAE04EC0-301F-11D3-BF4B-00C04F79EFBC}") = "ExtentReports", "ExtentReports\ExtentReports.csproj", "{C0955EDB-2DCD-4FA9-831E-2F5B7635D41A}"
EndProject
Project("{FAE04EC0-301F-11D3-BF4B-00C04F79EFBC}") = "BambooMultipleServer", "BambooMultipleServer\BambooMultipleServer.csproj", "{8914DE32-2CB0-4E5B-8544-45C6675E9D9A}"
EndProject
Project("{FAE04EC0-301F-11D3-BF4B-00C04F79EFBC}") = "console_UIADebug", "console_UIADebug\console_UIADebug.csproj", "{D9E75869-751F-4AAF-9AC8-9C3239106C3F}"
EndProject
Project("{FAE04EC0-301F-11D3-BF4B-00C04F79EFBC}") = "UpgradeMultipleClient", "UpgradeMultipleClient\UpgradeMultipleClient.csproj", "{00B06069-3741-41AA-A1DD-4AD01B55B879}"
EndProject
Project("{FAE04EC0-301F-11D3-BF4B-00C04F79EFBC}") = "ACDCServerConsole", "ACDCServerConsole\ACDCServerConsole.csproj", "{92FE743E-31A9-484B-B7A7-4E7092046B18}"
EndProject
Project("{FAE04EC0-301F-11D3-BF4B-00C04F79EFBC}") = "MultipleClient", "MultipleClient\MultipleClient.csproj", "{BA0B1E3D-52D1-4445-8C1B-C270E2B29370}"
EndProject
Global
	GlobalSection(SolutionConfigurationPlatforms) = preSolution
		Debug|Any CPU = Debug|Any CPU
		Debug|x64 = Debug|x64
		Debug|x86 = Debug|x86
		Release Signed|Any CPU = Release Signed|Any CPU
		Release Signed|x64 = Release Signed|x64
		Release Signed|x86 = Release Signed|x86
		Release|Any CPU = Release|Any CPU
		Release|x64 = Release|x64
		Release|x86 = Release|x86
		Release-Plus|Any CPU = Release-Plus|Any CPU
		Release-Plus|x64 = Release-Plus|x64
		Release-Plus|x86 = Release-Plus|x86
	EndGlobalSection
	GlobalSection(ProjectConfigurationPlatforms) = postSolution
		{DC0F8C02-0CC8-43B1-952F-D886FFF28032}.Debug|Any CPU.ActiveCfg = Debug|Any CPU
		{DC0F8C02-0CC8-43B1-952F-D886FFF28032}.Debug|Any CPU.Build.0 = Debug|Any CPU
		{DC0F8C02-0CC8-43B1-952F-D886FFF28032}.Debug|x64.ActiveCfg = Debug|Any CPU
		{DC0F8C02-0CC8-43B1-952F-D886FFF28032}.Debug|x64.Build.0 = Debug|Any CPU
		{DC0F8C02-0CC8-43B1-952F-D886FFF28032}.Debug|x86.ActiveCfg = Debug|Any CPU
		{DC0F8C02-0CC8-43B1-952F-D886FFF28032}.Debug|x86.Build.0 = Debug|Any CPU
		{DC0F8C02-0CC8-43B1-952F-D886FFF28032}.Release Signed|Any CPU.ActiveCfg = Release|Any CPU
		{DC0F8C02-0CC8-43B1-952F-D886FFF28032}.Release Signed|Any CPU.Build.0 = Release|Any CPU
		{DC0F8C02-0CC8-43B1-952F-D886FFF28032}.Release Signed|x64.ActiveCfg = Release|Any CPU
		{DC0F8C02-0CC8-43B1-952F-D886FFF28032}.Release Signed|x64.Build.0 = Release|Any CPU
		{DC0F8C02-0CC8-43B1-952F-D886FFF28032}.Release Signed|x86.ActiveCfg = Release|Any CPU
		{DC0F8C02-0CC8-43B1-952F-D886FFF28032}.Release Signed|x86.Build.0 = Release|Any CPU
		{DC0F8C02-0CC8-43B1-952F-D886FFF28032}.Release|Any CPU.ActiveCfg = Release|Any CPU
		{DC0F8C02-0CC8-43B1-952F-D886FFF28032}.Release|Any CPU.Build.0 = Release|Any CPU
		{DC0F8C02-0CC8-43B1-952F-D886FFF28032}.Release|x64.ActiveCfg = Release|Any CPU
		{DC0F8C02-0CC8-43B1-952F-D886FFF28032}.Release|x64.Build.0 = Release|Any CPU
		{DC0F8C02-0CC8-43B1-952F-D886FFF28032}.Release|x86.ActiveCfg = Release|Any CPU
		{DC0F8C02-0CC8-43B1-952F-D886FFF28032}.Release|x86.Build.0 = Release|Any CPU
		{DC0F8C02-0CC8-43B1-952F-D886FFF28032}.Release-Plus|Any CPU.ActiveCfg = Release|Any CPU
		{DC0F8C02-0CC8-43B1-952F-D886FFF28032}.Release-Plus|Any CPU.Build.0 = Release|Any CPU
		{DC0F8C02-0CC8-43B1-952F-D886FFF28032}.Release-Plus|x64.ActiveCfg = Release|Any CPU
		{DC0F8C02-0CC8-43B1-952F-D886FFF28032}.Release-Plus|x64.Build.0 = Release|Any CPU
		{DC0F8C02-0CC8-43B1-952F-D886FFF28032}.Release-Plus|x86.ActiveCfg = Release|Any CPU
		{DC0F8C02-0CC8-43B1-952F-D886FFF28032}.Release-Plus|x86.Build.0 = Release|Any CPU
		{B4436616-28A2-4B98-9C39-3DA4AC95537E}.Debug|Any CPU.ActiveCfg = Debug|Any CPU
		{B4436616-28A2-4B98-9C39-3DA4AC95537E}.Debug|Any CPU.Build.0 = Debug|Any CPU
		{B4436616-28A2-4B98-9C39-3DA4AC95537E}.Debug|x64.ActiveCfg = Debug|Any CPU
		{B4436616-28A2-4B98-9C39-3DA4AC95537E}.Debug|x64.Build.0 = Debug|Any CPU
		{B4436616-28A2-4B98-9C39-3DA4AC95537E}.Debug|x86.ActiveCfg = Debug|Any CPU
		{B4436616-28A2-4B98-9C39-3DA4AC95537E}.Debug|x86.Build.0 = Debug|Any CPU
		{B4436616-28A2-4B98-9C39-3DA4AC95537E}.Release Signed|Any CPU.ActiveCfg = Release Signed|Any CPU
		{B4436616-28A2-4B98-9C39-3DA4AC95537E}.Release Signed|Any CPU.Build.0 = Release Signed|Any CPU
		{B4436616-28A2-4B98-9C39-3DA4AC95537E}.Release Signed|x64.ActiveCfg = Release Signed|Any CPU
		{B4436616-28A2-4B98-9C39-3DA4AC95537E}.Release Signed|x64.Build.0 = Release Signed|Any CPU
		{B4436616-28A2-4B98-9C39-3DA4AC95537E}.Release Signed|x86.ActiveCfg = Release Signed|Any CPU
		{B4436616-28A2-4B98-9C39-3DA4AC95537E}.Release Signed|x86.Build.0 = Release Signed|Any CPU
		{B4436616-28A2-4B98-9C39-3DA4AC95537E}.Release|Any CPU.ActiveCfg = Release|Any CPU
		{B4436616-28A2-4B98-9C39-3DA4AC95537E}.Release|Any CPU.Build.0 = Release|Any CPU
		{B4436616-28A2-4B98-9C39-3DA4AC95537E}.Release|x64.ActiveCfg = Release|Any CPU
		{B4436616-28A2-4B98-9C39-3DA4AC95537E}.Release|x64.Build.0 = Release|Any CPU
		{B4436616-28A2-4B98-9C39-3DA4AC95537E}.Release|x86.ActiveCfg = Release|Any CPU
		{B4436616-28A2-4B98-9C39-3DA4AC95537E}.Release|x86.Build.0 = Release|Any CPU
		{B4436616-28A2-4B98-9C39-3DA4AC95537E}.Release-Plus|Any CPU.ActiveCfg = Release-Plus|Any CPU
		{B4436616-28A2-4B98-9C39-3DA4AC95537E}.Release-Plus|Any CPU.Build.0 = Release-Plus|Any CPU
		{B4436616-28A2-4B98-9C39-3DA4AC95537E}.Release-Plus|x64.ActiveCfg = Release-Plus|Any CPU
		{B4436616-28A2-4B98-9C39-3DA4AC95537E}.Release-Plus|x64.Build.0 = Release-Plus|Any CPU
		{B4436616-28A2-4B98-9C39-3DA4AC95537E}.Release-Plus|x86.ActiveCfg = Release-Plus|Any CPU
		{B4436616-28A2-4B98-9C39-3DA4AC95537E}.Release-Plus|x86.Build.0 = Release-Plus|Any CPU
		{DF55DE85-3690-4382-BE5B-71FC2351FEA3}.Debug|Any CPU.ActiveCfg = Debug|Any CPU
		{DF55DE85-3690-4382-BE5B-71FC2351FEA3}.Debug|Any CPU.Build.0 = Debug|Any CPU
		{DF55DE85-3690-4382-BE5B-71FC2351FEA3}.Debug|x64.ActiveCfg = Debug|Any CPU
		{DF55DE85-3690-4382-BE5B-71FC2351FEA3}.Debug|x64.Build.0 = Debug|Any CPU
		{DF55DE85-3690-4382-BE5B-71FC2351FEA3}.Debug|x86.ActiveCfg = Debug|Any CPU
		{DF55DE85-3690-4382-BE5B-71FC2351FEA3}.Debug|x86.Build.0 = Debug|Any CPU
		{DF55DE85-3690-4382-BE5B-71FC2351FEA3}.Release Signed|Any CPU.ActiveCfg = Release|Any CPU
		{DF55DE85-3690-4382-BE5B-71FC2351FEA3}.Release Signed|Any CPU.Build.0 = Release|Any CPU
		{DF55DE85-3690-4382-BE5B-71FC2351FEA3}.Release Signed|x64.ActiveCfg = Release|Any CPU
		{DF55DE85-3690-4382-BE5B-71FC2351FEA3}.Release Signed|x64.Build.0 = Release|Any CPU
		{DF55DE85-3690-4382-BE5B-71FC2351FEA3}.Release Signed|x86.ActiveCfg = Release|Any CPU
		{DF55DE85-3690-4382-BE5B-71FC2351FEA3}.Release Signed|x86.Build.0 = Release|Any CPU
		{DF55DE85-3690-4382-BE5B-71FC2351FEA3}.Release|Any CPU.ActiveCfg = Release|Any CPU
		{DF55DE85-3690-4382-BE5B-71FC2351FEA3}.Release|Any CPU.Build.0 = Release|Any CPU
		{DF55DE85-3690-4382-BE5B-71FC2351FEA3}.Release|x64.ActiveCfg = Release|Any CPU
		{DF55DE85-3690-4382-BE5B-71FC2351FEA3}.Release|x64.Build.0 = Release|Any CPU
		{DF55DE85-3690-4382-BE5B-71FC2351FEA3}.Release|x86.ActiveCfg = Release|Any CPU
		{DF55DE85-3690-4382-BE5B-71FC2351FEA3}.Release|x86.Build.0 = Release|Any CPU
		{DF55DE85-3690-4382-BE5B-71FC2351FEA3}.Release-Plus|Any CPU.ActiveCfg = Release|Any CPU
		{DF55DE85-3690-4382-BE5B-71FC2351FEA3}.Release-Plus|Any CPU.Build.0 = Release|Any CPU
		{DF55DE85-3690-4382-BE5B-71FC2351FEA3}.Release-Plus|x64.ActiveCfg = Release|Any CPU
		{DF55DE85-3690-4382-BE5B-71FC2351FEA3}.Release-Plus|x64.Build.0 = Release|Any CPU
		{DF55DE85-3690-4382-BE5B-71FC2351FEA3}.Release-Plus|x86.ActiveCfg = Release|Any CPU
		{DF55DE85-3690-4382-BE5B-71FC2351FEA3}.Release-Plus|x86.Build.0 = Release|Any CPU
		{157B5428-8FA4-4C8F-B6CF-673E587506A4}.Debug|Any CPU.ActiveCfg = Debug|Any CPU
		{157B5428-8FA4-4C8F-B6CF-673E587506A4}.Debug|Any CPU.Build.0 = Debug|Any CPU
		{157B5428-8FA4-4C8F-B6CF-673E587506A4}.Debug|x64.ActiveCfg = Debug|Any CPU
		{157B5428-8FA4-4C8F-B6CF-673E587506A4}.Debug|x64.Build.0 = Debug|Any CPU
		{157B5428-8FA4-4C8F-B6CF-673E587506A4}.Debug|x86.ActiveCfg = Debug|Any CPU
		{157B5428-8FA4-4C8F-B6CF-673E587506A4}.Debug|x86.Build.0 = Debug|Any CPU
		{157B5428-8FA4-4C8F-B6CF-673E587506A4}.Release Signed|Any CPU.ActiveCfg = Release|Any CPU
		{157B5428-8FA4-4C8F-B6CF-673E587506A4}.Release Signed|Any CPU.Build.0 = Release|Any CPU
		{157B5428-8FA4-4C8F-B6CF-673E587506A4}.Release Signed|x64.ActiveCfg = Release|Any CPU
		{157B5428-8FA4-4C8F-B6CF-673E587506A4}.Release Signed|x64.Build.0 = Release|Any CPU
		{157B5428-8FA4-4C8F-B6CF-673E587506A4}.Release Signed|x86.ActiveCfg = Release|Any CPU
		{157B5428-8FA4-4C8F-B6CF-673E587506A4}.Release Signed|x86.Build.0 = Release|Any CPU
		{157B5428-8FA4-4C8F-B6CF-673E587506A4}.Release|Any CPU.ActiveCfg = Release|Any CPU
		{157B5428-8FA4-4C8F-B6CF-673E587506A4}.Release|Any CPU.Build.0 = Release|Any CPU
		{157B5428-8FA4-4C8F-B6CF-673E587506A4}.Release|x64.ActiveCfg = Release|Any CPU
		{157B5428-8FA4-4C8F-B6CF-673E587506A4}.Release|x64.Build.0 = Release|Any CPU
		{157B5428-8FA4-4C8F-B6CF-673E587506A4}.Release|x86.ActiveCfg = Release|Any CPU
		{157B5428-8FA4-4C8F-B6CF-673E587506A4}.Release|x86.Build.0 = Release|Any CPU
		{157B5428-8FA4-4C8F-B6CF-673E587506A4}.Release-Plus|Any CPU.ActiveCfg = Release|Any CPU
		{157B5428-8FA4-4C8F-B6CF-673E587506A4}.Release-Plus|Any CPU.Build.0 = Release|Any CPU
		{157B5428-8FA4-4C8F-B6CF-673E587506A4}.Release-Plus|x64.ActiveCfg = Release|Any CPU
		{157B5428-8FA4-4C8F-B6CF-673E587506A4}.Release-Plus|x64.Build.0 = Release|Any CPU
		{157B5428-8FA4-4C8F-B6CF-673E587506A4}.Release-Plus|x86.ActiveCfg = Release|Any CPU
		{157B5428-8FA4-4C8F-B6CF-673E587506A4}.Release-Plus|x86.Build.0 = Release|Any CPU
		{9840C21B-CEAF-42EB-8D76-3619D49CEC3D}.Debug|Any CPU.ActiveCfg = Debug|Any CPU
		{9840C21B-CEAF-42EB-8D76-3619D49CEC3D}.Debug|Any CPU.Build.0 = Debug|Any CPU
		{9840C21B-CEAF-42EB-8D76-3619D49CEC3D}.Debug|x64.ActiveCfg = Debug|Any CPU
		{9840C21B-CEAF-42EB-8D76-3619D49CEC3D}.Debug|x64.Build.0 = Debug|Any CPU
		{9840C21B-CEAF-42EB-8D76-3619D49CEC3D}.Debug|x86.ActiveCfg = Debug|Any CPU
		{9840C21B-CEAF-42EB-8D76-3619D49CEC3D}.Debug|x86.Build.0 = Debug|Any CPU
		{9840C21B-CEAF-42EB-8D76-3619D49CEC3D}.Release Signed|Any CPU.ActiveCfg = Release|Any CPU
		{9840C21B-CEAF-42EB-8D76-3619D49CEC3D}.Release Signed|Any CPU.Build.0 = Release|Any CPU
		{9840C21B-CEAF-42EB-8D76-3619D49CEC3D}.Release Signed|x64.ActiveCfg = Release|Any CPU
		{9840C21B-CEAF-42EB-8D76-3619D49CEC3D}.Release Signed|x64.Build.0 = Release|Any CPU
		{9840C21B-CEAF-42EB-8D76-3619D49CEC3D}.Release Signed|x86.ActiveCfg = Release|Any CPU
		{9840C21B-CEAF-42EB-8D76-3619D49CEC3D}.Release Signed|x86.Build.0 = Release|Any CPU
		{9840C21B-CEAF-42EB-8D76-3619D49CEC3D}.Release|Any CPU.ActiveCfg = Release|Any CPU
		{9840C21B-CEAF-42EB-8D76-3619D49CEC3D}.Release|Any CPU.Build.0 = Release|Any CPU
		{9840C21B-CEAF-42EB-8D76-3619D49CEC3D}.Release|x64.ActiveCfg = Release|Any CPU
		{9840C21B-CEAF-42EB-8D76-3619D49CEC3D}.Release|x64.Build.0 = Release|Any CPU
		{9840C21B-CEAF-42EB-8D76-3619D49CEC3D}.Release|x86.ActiveCfg = Release|Any CPU
		{9840C21B-CEAF-42EB-8D76-3619D49CEC3D}.Release|x86.Build.0 = Release|Any CPU
		{9840C21B-CEAF-42EB-8D76-3619D49CEC3D}.Release-Plus|Any CPU.ActiveCfg = Release|Any CPU
		{9840C21B-CEAF-42EB-8D76-3619D49CEC3D}.Release-Plus|Any CPU.Build.0 = Release|Any CPU
		{9840C21B-CEAF-42EB-8D76-3619D49CEC3D}.Release-Plus|x64.ActiveCfg = Release|Any CPU
		{9840C21B-CEAF-42EB-8D76-3619D49CEC3D}.Release-Plus|x64.Build.0 = Release|Any CPU
		{9840C21B-CEAF-42EB-8D76-3619D49CEC3D}.Release-Plus|x86.ActiveCfg = Release|Any CPU
		{9840C21B-CEAF-42EB-8D76-3619D49CEC3D}.Release-Plus|x86.Build.0 = Release|Any CPU
		{C0955EDB-2DCD-4FA9-831E-2F5B7635D41A}.Debug|Any CPU.ActiveCfg = Debug|Any CPU
		{C0955EDB-2DCD-4FA9-831E-2F5B7635D41A}.Debug|Any CPU.Build.0 = Debug|Any CPU
		{C0955EDB-2DCD-4FA9-831E-2F5B7635D41A}.Debug|x64.ActiveCfg = Debug|Any CPU
		{C0955EDB-2DCD-4FA9-831E-2F5B7635D41A}.Debug|x64.Build.0 = Debug|Any CPU
		{C0955EDB-2DCD-4FA9-831E-2F5B7635D41A}.Debug|x86.ActiveCfg = Debug|Any CPU
		{C0955EDB-2DCD-4FA9-831E-2F5B7635D41A}.Debug|x86.Build.0 = Debug|Any CPU
		{C0955EDB-2DCD-4FA9-831E-2F5B7635D41A}.Release Signed|Any CPU.ActiveCfg = Release|Any CPU
		{C0955EDB-2DCD-4FA9-831E-2F5B7635D41A}.Release Signed|Any CPU.Build.0 = Release|Any CPU
		{C0955EDB-2DCD-4FA9-831E-2F5B7635D41A}.Release Signed|x64.ActiveCfg = Release|Any CPU
		{C0955EDB-2DCD-4FA9-831E-2F5B7635D41A}.Release Signed|x64.Build.0 = Release|Any CPU
		{C0955EDB-2DCD-4FA9-831E-2F5B7635D41A}.Release Signed|x86.ActiveCfg = Release|Any CPU
		{C0955EDB-2DCD-4FA9-831E-2F5B7635D41A}.Release Signed|x86.Build.0 = Release|Any CPU
		{C0955EDB-2DCD-4FA9-831E-2F5B7635D41A}.Release|Any CPU.ActiveCfg = Release|Any CPU
		{C0955EDB-2DCD-4FA9-831E-2F5B7635D41A}.Release|Any CPU.Build.0 = Release|Any CPU
		{C0955EDB-2DCD-4FA9-831E-2F5B7635D41A}.Release|x64.ActiveCfg = Release|Any CPU
		{C0955EDB-2DCD-4FA9-831E-2F5B7635D41A}.Release|x64.Build.0 = Release|Any CPU
		{C0955EDB-2DCD-4FA9-831E-2F5B7635D41A}.Release|x86.ActiveCfg = Release|Any CPU
		{C0955EDB-2DCD-4FA9-831E-2F5B7635D41A}.Release|x86.Build.0 = Release|Any CPU
		{C0955EDB-2DCD-4FA9-831E-2F5B7635D41A}.Release-Plus|Any CPU.ActiveCfg = Release|Any CPU
		{C0955EDB-2DCD-4FA9-831E-2F5B7635D41A}.Release-Plus|Any CPU.Build.0 = Release|Any CPU
		{C0955EDB-2DCD-4FA9-831E-2F5B7635D41A}.Release-Plus|x64.ActiveCfg = Release|Any CPU
		{C0955EDB-2DCD-4FA9-831E-2F5B7635D41A}.Release-Plus|x64.Build.0 = Release|Any CPU
		{C0955EDB-2DCD-4FA9-831E-2F5B7635D41A}.Release-Plus|x86.ActiveCfg = Release|Any CPU
		{C0955EDB-2DCD-4FA9-831E-2F5B7635D41A}.Release-Plus|x86.Build.0 = Release|Any CPU
		{8914DE32-2CB0-4E5B-8544-45C6675E9D9A}.Debug|Any CPU.ActiveCfg = Debug|Any CPU
		{8914DE32-2CB0-4E5B-8544-45C6675E9D9A}.Debug|Any CPU.Build.0 = Debug|Any CPU
		{8914DE32-2CB0-4E5B-8544-45C6675E9D9A}.Debug|x64.ActiveCfg = Debug|Any CPU
		{8914DE32-2CB0-4E5B-8544-45C6675E9D9A}.Debug|x64.Build.0 = Debug|Any CPU
		{8914DE32-2CB0-4E5B-8544-45C6675E9D9A}.Debug|x86.ActiveCfg = Debug|Any CPU
		{8914DE32-2CB0-4E5B-8544-45C6675E9D9A}.Debug|x86.Build.0 = Debug|Any CPU
		{8914DE32-2CB0-4E5B-8544-45C6675E9D9A}.Release Signed|Any CPU.ActiveCfg = Release|Any CPU
		{8914DE32-2CB0-4E5B-8544-45C6675E9D9A}.Release Signed|Any CPU.Build.0 = Release|Any CPU
		{8914DE32-2CB0-4E5B-8544-45C6675E9D9A}.Release Signed|x64.ActiveCfg = Release|Any CPU
		{8914DE32-2CB0-4E5B-8544-45C6675E9D9A}.Release Signed|x64.Build.0 = Release|Any CPU
		{8914DE32-2CB0-4E5B-8544-45C6675E9D9A}.Release Signed|x86.ActiveCfg = Release|Any CPU
		{8914DE32-2CB0-4E5B-8544-45C6675E9D9A}.Release Signed|x86.Build.0 = Release|Any CPU
		{8914DE32-2CB0-4E5B-8544-45C6675E9D9A}.Release|Any CPU.ActiveCfg = Release|Any CPU
		{8914DE32-2CB0-4E5B-8544-45C6675E9D9A}.Release|Any CPU.Build.0 = Release|Any CPU
		{8914DE32-2CB0-4E5B-8544-45C6675E9D9A}.Release|x64.ActiveCfg = Release|Any CPU
		{8914DE32-2CB0-4E5B-8544-45C6675E9D9A}.Release|x64.Build.0 = Release|Any CPU
		{8914DE32-2CB0-4E5B-8544-45C6675E9D9A}.Release|x86.ActiveCfg = Release|Any CPU
		{8914DE32-2CB0-4E5B-8544-45C6675E9D9A}.Release|x86.Build.0 = Release|Any CPU
		{8914DE32-2CB0-4E5B-8544-45C6675E9D9A}.Release-Plus|Any CPU.ActiveCfg = Release|Any CPU
		{8914DE32-2CB0-4E5B-8544-45C6675E9D9A}.Release-Plus|Any CPU.Build.0 = Release|Any CPU
		{8914DE32-2CB0-4E5B-8544-45C6675E9D9A}.Release-Plus|x64.ActiveCfg = Release|Any CPU
		{8914DE32-2CB0-4E5B-8544-45C6675E9D9A}.Release-Plus|x64.Build.0 = Release|Any CPU
		{8914DE32-2CB0-4E5B-8544-45C6675E9D9A}.Release-Plus|x86.ActiveCfg = Release|Any CPU
		{8914DE32-2CB0-4E5B-8544-45C6675E9D9A}.Release-Plus|x86.Build.0 = Release|Any CPU
		{D9E75869-751F-4AAF-9AC8-9C3239106C3F}.Debug|Any CPU.ActiveCfg = Debug|Any CPU
		{D9E75869-751F-4AAF-9AC8-9C3239106C3F}.Debug|Any CPU.Build.0 = Debug|Any CPU
		{D9E75869-751F-4AAF-9AC8-9C3239106C3F}.Debug|x64.ActiveCfg = Debug|Any CPU
		{D9E75869-751F-4AAF-9AC8-9C3239106C3F}.Debug|x64.Build.0 = Debug|Any CPU
		{D9E75869-751F-4AAF-9AC8-9C3239106C3F}.Debug|x86.ActiveCfg = Debug|Any CPU
		{D9E75869-751F-4AAF-9AC8-9C3239106C3F}.Debug|x86.Build.0 = Debug|Any CPU
		{D9E75869-751F-4AAF-9AC8-9C3239106C3F}.Release Signed|Any CPU.ActiveCfg = Release|Any CPU
		{D9E75869-751F-4AAF-9AC8-9C3239106C3F}.Release Signed|Any CPU.Build.0 = Release|Any CPU
		{D9E75869-751F-4AAF-9AC8-9C3239106C3F}.Release Signed|x64.ActiveCfg = Release|Any CPU
		{D9E75869-751F-4AAF-9AC8-9C3239106C3F}.Release Signed|x64.Build.0 = Release|Any CPU
		{D9E75869-751F-4AAF-9AC8-9C3239106C3F}.Release Signed|x86.ActiveCfg = Release|Any CPU
		{D9E75869-751F-4AAF-9AC8-9C3239106C3F}.Release Signed|x86.Build.0 = Release|Any CPU
		{D9E75869-751F-4AAF-9AC8-9C3239106C3F}.Release|Any CPU.ActiveCfg = Release|Any CPU
		{D9E75869-751F-4AAF-9AC8-9C3239106C3F}.Release|Any CPU.Build.0 = Release|Any CPU
		{D9E75869-751F-4AAF-9AC8-9C3239106C3F}.Release|x64.ActiveCfg = Release|Any CPU
		{D9E75869-751F-4AAF-9AC8-9C3239106C3F}.Release|x64.Build.0 = Release|Any CPU
		{D9E75869-751F-4AAF-9AC8-9C3239106C3F}.Release|x86.ActiveCfg = Release|Any CPU
		{D9E75869-751F-4AAF-9AC8-9C3239106C3F}.Release|x86.Build.0 = Release|Any CPU
		{D9E75869-751F-4AAF-9AC8-9C3239106C3F}.Release-Plus|Any CPU.ActiveCfg = Release|Any CPU
		{D9E75869-751F-4AAF-9AC8-9C3239106C3F}.Release-Plus|Any CPU.Build.0 = Release|Any CPU
		{D9E75869-751F-4AAF-9AC8-9C3239106C3F}.Release-Plus|x64.ActiveCfg = Release|Any CPU
		{D9E75869-751F-4AAF-9AC8-9C3239106C3F}.Release-Plus|x64.Build.0 = Release|Any CPU
		{D9E75869-751F-4AAF-9AC8-9C3239106C3F}.Release-Plus|x86.ActiveCfg = Release|Any CPU
		{D9E75869-751F-4AAF-9AC8-9C3239106C3F}.Release-Plus|x86.Build.0 = Release|Any CPU
		{00B06069-3741-41AA-A1DD-4AD01B55B879}.Debug|Any CPU.ActiveCfg = Debug|Any CPU
		{00B06069-3741-41AA-A1DD-4AD01B55B879}.Debug|Any CPU.Build.0 = Debug|Any CPU
		{00B06069-3741-41AA-A1DD-4AD01B55B879}.Debug|x64.ActiveCfg = Debug|Any CPU
		{00B06069-3741-41AA-A1DD-4AD01B55B879}.Debug|x64.Build.0 = Debug|Any CPU
		{00B06069-3741-41AA-A1DD-4AD01B55B879}.Debug|x86.ActiveCfg = Debug|Any CPU
		{00B06069-3741-41AA-A1DD-4AD01B55B879}.Debug|x86.Build.0 = Debug|Any CPU
		{00B06069-3741-41AA-A1DD-4AD01B55B879}.Release Signed|Any CPU.ActiveCfg = Release|Any CPU
		{00B06069-3741-41AA-A1DD-4AD01B55B879}.Release Signed|Any CPU.Build.0 = Release|Any CPU
		{00B06069-3741-41AA-A1DD-4AD01B55B879}.Release Signed|x64.ActiveCfg = Release|Any CPU
		{00B06069-3741-41AA-A1DD-4AD01B55B879}.Release Signed|x64.Build.0 = Release|Any CPU
		{00B06069-3741-41AA-A1DD-4AD01B55B879}.Release Signed|x86.ActiveCfg = Release|Any CPU
		{00B06069-3741-41AA-A1DD-4AD01B55B879}.Release Signed|x86.Build.0 = Release|Any CPU
		{00B06069-3741-41AA-A1DD-4AD01B55B879}.Release|Any CPU.ActiveCfg = Release|Any CPU
		{00B06069-3741-41AA-A1DD-4AD01B55B879}.Release|Any CPU.Build.0 = Release|Any CPU
		{00B06069-3741-41AA-A1DD-4AD01B55B879}.Release|x64.ActiveCfg = Release|Any CPU
		{00B06069-3741-41AA-A1DD-4AD01B55B879}.Release|x64.Build.0 = Release|Any CPU
		{00B06069-3741-41AA-A1DD-4AD01B55B879}.Release|x86.ActiveCfg = Release|Any CPU
		{00B06069-3741-41AA-A1DD-4AD01B55B879}.Release|x86.Build.0 = Release|Any CPU
		{00B06069-3741-41AA-A1DD-4AD01B55B879}.Release-Plus|Any CPU.ActiveCfg = Release|Any CPU
		{00B06069-3741-41AA-A1DD-4AD01B55B879}.Release-Plus|Any CPU.Build.0 = Release|Any CPU
		{00B06069-3741-41AA-A1DD-4AD01B55B879}.Release-Plus|x64.ActiveCfg = Release|Any CPU
		{00B06069-3741-41AA-A1DD-4AD01B55B879}.Release-Plus|x64.Build.0 = Release|Any CPU
		{00B06069-3741-41AA-A1DD-4AD01B55B879}.Release-Plus|x86.ActiveCfg = Release|Any CPU
		{00B06069-3741-41AA-A1DD-4AD01B55B879}.Release-Plus|x86.Build.0 = Release|Any CPU
		{92FE743E-31A9-484B-B7A7-4E7092046B18}.Debug|Any CPU.ActiveCfg = Debug|Any CPU
		{92FE743E-31A9-484B-B7A7-4E7092046B18}.Debug|Any CPU.Build.0 = Debug|Any CPU
		{92FE743E-31A9-484B-B7A7-4E7092046B18}.Debug|x64.ActiveCfg = Debug|Any CPU
		{92FE743E-31A9-484B-B7A7-4E7092046B18}.Debug|x64.Build.0 = Debug|Any CPU
		{92FE743E-31A9-484B-B7A7-4E7092046B18}.Debug|x86.ActiveCfg = Debug|Any CPU
		{92FE743E-31A9-484B-B7A7-4E7092046B18}.Debug|x86.Build.0 = Debug|Any CPU
		{92FE743E-31A9-484B-B7A7-4E7092046B18}.Release Signed|Any CPU.ActiveCfg = Release|Any CPU
		{92FE743E-31A9-484B-B7A7-4E7092046B18}.Release Signed|Any CPU.Build.0 = Release|Any CPU
		{92FE743E-31A9-484B-B7A7-4E7092046B18}.Release Signed|x64.ActiveCfg = Release|Any CPU
		{92FE743E-31A9-484B-B7A7-4E7092046B18}.Release Signed|x64.Build.0 = Release|Any CPU
		{92FE743E-31A9-484B-B7A7-4E7092046B18}.Release Signed|x86.ActiveCfg = Release|Any CPU
		{92FE743E-31A9-484B-B7A7-4E7092046B18}.Release Signed|x86.Build.0 = Release|Any CPU
		{92FE743E-31A9-484B-B7A7-4E7092046B18}.Release|Any CPU.ActiveCfg = Release|Any CPU
		{92FE743E-31A9-484B-B7A7-4E7092046B18}.Release|Any CPU.Build.0 = Release|Any CPU
		{92FE743E-31A9-484B-B7A7-4E7092046B18}.Release|x64.ActiveCfg = Release|Any CPU
		{92FE743E-31A9-484B-B7A7-4E7092046B18}.Release|x64.Build.0 = Release|Any CPU
		{92FE743E-31A9-484B-B7A7-4E7092046B18}.Release|x86.ActiveCfg = Release|Any CPU
		{92FE743E-31A9-484B-B7A7-4E7092046B18}.Release|x86.Build.0 = Release|Any CPU
		{92FE743E-31A9-484B-B7A7-4E7092046B18}.Release-Plus|Any CPU.ActiveCfg = Release|Any CPU
		{92FE743E-31A9-484B-B7A7-4E7092046B18}.Release-Plus|Any CPU.Build.0 = Release|Any CPU
		{92FE743E-31A9-484B-B7A7-4E7092046B18}.Release-Plus|x64.ActiveCfg = Release|Any CPU
		{92FE743E-31A9-484B-B7A7-4E7092046B18}.Release-Plus|x64.Build.0 = Release|Any CPU
		{92FE743E-31A9-484B-B7A7-4E7092046B18}.Release-Plus|x86.ActiveCfg = Release|Any CPU
		{92FE743E-31A9-484B-B7A7-4E7092046B18}.Release-Plus|x86.Build.0 = Release|Any CPU
		{BA0B1E3D-52D1-4445-8C1B-C270E2B29370}.Debug|Any CPU.ActiveCfg = Debug|Any CPU
		{BA0B1E3D-52D1-4445-8C1B-C270E2B29370}.Debug|Any CPU.Build.0 = Debug|Any CPU
		{BA0B1E3D-52D1-4445-8C1B-C270E2B29370}.Debug|x64.ActiveCfg = Debug|Any CPU
		{BA0B1E3D-52D1-4445-8C1B-C270E2B29370}.Debug|x64.Build.0 = Debug|Any CPU
		{BA0B1E3D-52D1-4445-8C1B-C270E2B29370}.Debug|x86.ActiveCfg = Debug|Any CPU
		{BA0B1E3D-52D1-4445-8C1B-C270E2B29370}.Debug|x86.Build.0 = Debug|Any CPU
		{BA0B1E3D-52D1-4445-8C1B-C270E2B29370}.Release Signed|Any CPU.ActiveCfg = Release|Any CPU
		{BA0B1E3D-52D1-4445-8C1B-C270E2B29370}.Release Signed|Any CPU.Build.0 = Release|Any CPU
		{BA0B1E3D-52D1-4445-8C1B-C270E2B29370}.Release Signed|x64.ActiveCfg = Release|Any CPU
		{BA0B1E3D-52D1-4445-8C1B-C270E2B29370}.Release Signed|x64.Build.0 = Release|Any CPU
		{BA0B1E3D-52D1-4445-8C1B-C270E2B29370}.Release Signed|x86.ActiveCfg = Release|Any CPU
		{BA0B1E3D-52D1-4445-8C1B-C270E2B29370}.Release Signed|x86.Build.0 = Release|Any CPU
		{BA0B1E3D-52D1-4445-8C1B-C270E2B29370}.Release|Any CPU.ActiveCfg = Release|Any CPU
		{BA0B1E3D-52D1-4445-8C1B-C270E2B29370}.Release|Any CPU.Build.0 = Release|Any CPU
		{BA0B1E3D-52D1-4445-8C1B-C270E2B29370}.Release|x64.ActiveCfg = Release|Any CPU
		{BA0B1E3D-52D1-4445-8C1B-C270E2B29370}.Release|x64.Build.0 = Release|Any CPU
		{BA0B1E3D-52D1-4445-8C1B-C270E2B29370}.Release|x86.ActiveCfg = Release|Any CPU
		{BA0B1E3D-52D1-4445-8C1B-C270E2B29370}.Release|x86.Build.0 = Release|Any CPU
		{BA0B1E3D-52D1-4445-8C1B-C270E2B29370}.Release-Plus|Any CPU.ActiveCfg = Release|Any CPU
		{BA0B1E3D-52D1-4445-8C1B-C270E2B29370}.Release-Plus|Any CPU.Build.0 = Release|Any CPU
		{BA0B1E3D-52D1-4445-8C1B-C270E2B29370}.Release-Plus|x64.ActiveCfg = Release|Any CPU
		{BA0B1E3D-52D1-4445-8C1B-C270E2B29370}.Release-Plus|x64.Build.0 = Release|Any CPU
		{BA0B1E3D-52D1-4445-8C1B-C270E2B29370}.Release-Plus|x86.ActiveCfg = Release|Any CPU
		{BA0B1E3D-52D1-4445-8C1B-C270E2B29370}.Release-Plus|x86.Build.0 = Release|Any CPU
	EndGlobalSection
	GlobalSection(SolutionProperties) = preSolution
		HideSolutionNode = FALSE
	EndGlobalSection
	GlobalSection(ExtensibilityGlobals) = postSolution
		SolutionGuid = {B602246B-EE65-4AC6-81FD-167767626235}
	EndGlobalSection
EndGlobal
